// !$*UTF8*$!
{
	archiveVersion = 1;
	classes = {
	};
	objectVersion = 46;
	objects = {

/* Begin PBXBuildFile section */
		4EA4C5801EF2B91A00A2311D /* AppDelegate.m in Sources */ = {isa = PBXBuildFile; fileRef = 4EA4C57F1EF2B91A00A2311D /* AppDelegate.m */; };
		4EB542FB1EE107F2001C97B1 /* main.m in Sources */ = {isa = PBXBuildFile; fileRef = 4EB542FA1EE107F2001C97B1 /* main.m */; };
		4EB543011EE107F2001C97B1 /* ViewController.m in Sources */ = {isa = PBXBuildFile; fileRef = 4EB543001EE107F2001C97B1 /* ViewController.m */; };
		4EB543061EE107F2001C97B1 /* Assets.xcassets in Resources */ = {isa = PBXBuildFile; fileRef = 4EB543051EE107F2001C97B1 /* Assets.xcassets */; };
		4EB543091EE107F2001C97B1 /* LaunchScreen.storyboard in Resources */ = {isa = PBXBuildFile; fileRef = 4EB543071EE107F2001C97B1 /* LaunchScreen.storyboard */; };
		4EB543141EE107F2001C97B1 /* YRTextViewDemoTests.m in Sources */ = {isa = PBXBuildFile; fileRef = 4EB543131EE107F2001C97B1 /* YRTextViewDemoTests.m */; };
		4EB5431F1EE107F2001C97B1 /* YRTextViewDemoUITests.m in Sources */ = {isa = PBXBuildFile; fileRef = 4EB5431E1EE107F2001C97B1 /* YRTextViewDemoUITests.m */; };
		4EB5432F1EE10840001C97B1 /* YRTextView.m in Sources */ = {isa = PBXBuildFile; fileRef = 4EB5432E1EE10840001C97B1 /* YRTextView.m */; };
		4EB543391EE10F94001C97B1 /* EditViewController.m in Sources */ = {isa = PBXBuildFile; fileRef = 4EB543381EE10F94001C97B1 /* EditViewController.m */; };
		4EB5433C1EE11012001C97B1 /* UIView+Extension.m in Sources */ = {isa = PBXBuildFile; fileRef = 4EB5433B1EE11012001C97B1 /* UIView+Extension.m */; };
/* End PBXBuildFile section */

/* Begin PBXContainerItemProxy section */
		4EB543101EE107F2001C97B1 /* PBXContainerItemProxy */ = {
			isa = PBXContainerItemProxy;
			containerPortal = 4EB542EE1EE107F2001C97B1 /* Project object */;
			proxyType = 1;
			remoteGlobalIDString = 4EB542F51EE107F2001C97B1;
			remoteInfo = YRTextViewDemo;
		};
		4EB5431B1EE107F2001C97B1 /* PBXContainerItemProxy */ = {
			isa = PBXContainerItemProxy;
			containerPortal = 4EB542EE1EE107F2001C97B1 /* Project object */;
			proxyType = 1;
			remoteGlobalIDString = 4EB542F51EE107F2001C97B1;
			remoteInfo = YRTextViewDemo;
		};
/* End PBXContainerItemProxy section */

/* Begin PBXFileReference section */
		4EA4C57E1EF2B91A00A2311D /* AppDelegate.h */ = {isa = PBXFileReference; fileEncoding = 4; lastKnownFileType = sourcecode.c.h; path = AppDelegate.h; sourceTree = "<group>"; };
		4EA4C57F1EF2B91A00A2311D /* AppDelegate.m */ = {isa = PBXFileReference; fileEncoding = 4; lastKnownFileType = sourcecode.c.objc; path = AppDelegate.m; sourceTree = "<group>"; };
		4EB542F61EE107F2001C97B1 /* YRTextViewDemo.app */ = {isa = PBXFileReference; explicitFileType = wrapper.application; includeInIndex = 0; path = YRTextViewDemo.app; sourceTree = BUILT_PRODUCTS_DIR; };
		4EB542FA1EE107F2001C97B1 /* main.m */ = {isa = PBXFileReference; lastKnownFileType = sourcecode.c.objc; path = main.m; sourceTree = "<group>"; };
		4EB542FF1EE107F2001C97B1 /* ViewController.h */ = {isa = PBXFileReference; lastKnownFileType = sourcecode.c.h; path = ViewController.h; sourceTree = "<group>"; };
		4EB543001EE107F2001C97B1 /* ViewController.m */ = {isa = PBXFileReference; lastKnownFileType = sourcecode.c.objc; path = ViewController.m; sourceTree = "<group>"; };
		4EB543051EE107F2001C97B1 /* Assets.xcassets */ = {isa = PBXFileReference; lastKnownFileType = folder.assetcatalog; path = Assets.xcassets; sourceTree = "<group>"; };
		4EB543081EE107F2001C97B1 /* Base */ = {isa = PBXFileReference; lastKnownFileType = file.storyboard; name = Base; path = Base.lproj/LaunchScreen.storyboard; sourceTree = "<group>"; };
		4EB5430A1EE107F2001C97B1 /* Info.plist */ = {isa = PBXFileReference; lastKnownFileType = text.plist.xml; path = Info.plist; sourceTree = "<group>"; };
		4EB5430F1EE107F2001C97B1 /* YRTextViewDemoTests.xctest */ = {isa = PBXFileReference; explicitFileType = wrapper.cfbundle; includeInIndex = 0; path = YRTextViewDemoTests.xctest; sourceTree = BUILT_PRODUCTS_DIR; };
		4EB543131EE107F2001C97B1 /* YRTextViewDemoTests.m */ = {isa = PBXFileReference; lastKnownFileType = sourcecode.c.objc; path = YRTextViewDemoTests.m; sourceTree = "<group>"; };
		4EB543151EE107F2001C97B1 /* Info.plist */ = {isa = PBXFileReference; lastKnownFileType = text.plist.xml; path = Info.plist; sourceTree = "<group>"; };
		4EB5431A1EE107F2001C97B1 /* YRTextViewDemoUITests.xctest */ = {isa = PBXFileReference; explicitFileType = wrapper.cfbundle; includeInIndex = 0; path = YRTextViewDemoUITests.xctest; sourceTree = BUILT_PRODUCTS_DIR; };
		4EB5431E1EE107F2001C97B1 /* YRTextViewDemoUITests.m */ = {isa = PBXFileReference; lastKnownFileType = sourcecode.c.objc; path = YRTextViewDemoUITests.m; sourceTree = "<group>"; };
		4EB543201EE107F2001C97B1 /* Info.plist */ = {isa = PBXFileReference; lastKnownFileType = text.plist.xml; path = Info.plist; sourceTree = "<group>"; };
		4EB5432D1EE10840001C97B1 /* YRTextView.h */ = {isa = PBXFileReference; fileEncoding = 4; lastKnownFileType = sourcecode.c.h; path = YRTextView.h; sourceTree = "<group>"; };
		4EB5432E1EE10840001C97B1 /* YRTextView.m */ = {isa = PBXFileReference; fileEncoding = 4; lastKnownFileType = sourcecode.c.objc; path = YRTextView.m; sourceTree = "<group>"; };
		4EB543371EE10F94001C97B1 /* EditViewController.h */ = {isa = PBXFileReference; fileEncoding = 4; lastKnownFileType = sourcecode.c.h; path = EditViewController.h; sourceTree = "<group>"; };
		4EB543381EE10F94001C97B1 /* EditViewController.m */ = {isa = PBXFileReference; fileEncoding = 4; lastKnownFileType = sourcecode.c.objc; path = EditViewController.m; sourceTree = "<group>"; };
		4EB5433A1EE11012001C97B1 /* UIView+Extension.h */ = {isa = PBXFileReference; fileEncoding = 4; lastKnownFileType = sourcecode.c.h; path = "UIView+Extension.h"; sourceTree = "<group>"; };
		4EB5433B1EE11012001C97B1 /* UIView+Extension.m */ = {isa = PBXFileReference; fileEncoding = 4; lastKnownFileType = sourcecode.c.objc; path = "UIView+Extension.m"; sourceTree = "<group>"; };
/* End PBXFileReference section */

/* Begin PBXFrameworksBuildPhase section */
		4EB542F31EE107F2001C97B1 /* Frameworks */ = {
			isa = PBXFrameworksBuildPhase;
			buildActionMask = 2147483647;
			files = (
			);
			runOnlyForDeploymentPostprocessing = 0;
		};
		4EB5430C1EE107F2001C97B1 /* Frameworks */ = {
			isa = PBXFrameworksBuildPhase;
			buildActionMask = 2147483647;
			files = (
			);
			runOnlyForDeploymentPostprocessing = 0;
		};
		4EB543171EE107F2001C97B1 /* Frameworks */ = {
			isa = PBXFrameworksBuildPhase;
			buildActionMask = 2147483647;
			files = (
			);
			runOnlyForDeploymentPostprocessing = 0;
		};
/* End PBXFrameworksBuildPhase section */

/* Begin PBXGroup section */
		4EB542ED1EE107F2001C97B1 = {
			isa = PBXGroup;
			children = (
				4EB542F81EE107F2001C97B1 /* YRTextViewDemo */,
				4EB543121EE107F2001C97B1 /* YRTextViewDemoTests */,
				4EB5431D1EE107F2001C97B1 /* YRTextViewDemoUITests */,
				4EB542F71EE107F2001C97B1 /* Products */,
			);
			sourceTree = "<group>";
		};
		4EB542F71EE107F2001C97B1 /* Products */ = {
			isa = PBXGroup;
			children = (
				4EB542F61EE107F2001C97B1 /* YRTextViewDemo.app */,
				4EB5430F1EE107F2001C97B1 /* YRTextViewDemoTests.xctest */,
				4EB5431A1EE107F2001C97B1 /* YRTextViewDemoUITests.xctest */,
			);
			name = Products;
			sourceTree = "<group>";
		};
		4EB542F81EE107F2001C97B1 /* YRTextViewDemo */ = {
			isa = PBXGroup;
			children = (
				4EB543361EE10C46001C97B1 /* Other */,
				4EB5432C1EE10840001C97B1 /* YRTextView */,
				4EB542FF1EE107F2001C97B1 /* ViewController.h */,
				4EB543001EE107F2001C97B1 /* ViewController.m */,
				4EB543371EE10F94001C97B1 /* EditViewController.h */,
				4EB543381EE10F94001C97B1 /* EditViewController.m */,
				4EB542F91EE107F2001C97B1 /* Supporting Files */,
			);
			path = YRTextViewDemo;
			sourceTree = "<group>";
		};
		4EB542F91EE107F2001C97B1 /* Supporting Files */ = {
			isa = PBXGroup;
			children = (
				4EB543051EE107F2001C97B1 /* Assets.xcassets */,
				4EB5430A1EE107F2001C97B1 /* Info.plist */,
				4EB543071EE107F2001C97B1 /* LaunchScreen.storyboard */,
				4EB542FA1EE107F2001C97B1 /* main.m */,
			);
			name = "Supporting Files";
			sourceTree = "<group>";
		};
		4EB543121EE107F2001C97B1 /* YRTextViewDemoTests */ = {
			isa = PBXGroup;
			children = (
				4EB543131EE107F2001C97B1 /* YRTextViewDemoTests.m */,
				4EB543151EE107F2001C97B1 /* Info.plist */,
			);
			path = YRTextViewDemoTests;
			sourceTree = "<group>";
		};
		4EB5431D1EE107F2001C97B1 /* YRTextViewDemoUITests */ = {
			isa = PBXGroup;
			children = (
				4EB5431E1EE107F2001C97B1 /* YRTextViewDemoUITests.m */,
				4EB543201EE107F2001C97B1 /* Info.plist */,
			);
			path = YRTextViewDemoUITests;
			sourceTree = "<group>";
		};
		4EB5432C1EE10840001C97B1 /* YRTextView */ = {
			isa = PBXGroup;
			children = (
				4EB5433A1EE11012001C97B1 /* UIView+Extension.h */,
				4EB5433B1EE11012001C97B1 /* UIView+Extension.m */,
				4EB5432D1EE10840001C97B1 /* YRTextView.h */,
				4EB5432E1EE10840001C97B1 /* YRTextView.m */,
			);
			path = YRTextView;
			sourceTree = "<group>";
		};
		4EB543361EE10C46001C97B1 /* Other */ = {
			isa = PBXGroup;
			children = (
				4EA4C57E1EF2B91A00A2311D /* AppDelegate.h */,
				4EA4C57F1EF2B91A00A2311D /* AppDelegate.m */,
			);
			path = Other;
			sourceTree = "<group>";
		};
/* End PBXGroup section */

/* Begin PBXNativeTarget section */
		4EB542F51EE107F2001C97B1 /* YRTextViewDemo */ = {
			isa = PBXNativeTarget;
			buildConfigurationList = 4EB543231EE107F2001C97B1 /* Build configuration list for PBXNativeTarget "YRTextViewDemo" */;
			buildPhases = (
				4EB542F21EE107F2001C97B1 /* Sources */,
				4EB542F31EE107F2001C97B1 /* Frameworks */,
				4EB542F41EE107F2001C97B1 /* Resources */,
			);
			buildRules = (
			);
			dependencies = (
			);
			name = YRTextViewDemo;
			productName = YRTextViewDemo;
			productReference = 4EB542F61EE107F2001C97B1 /* YRTextViewDemo.app */;
			productType = "com.apple.product-type.application";
		};
		4EB5430E1EE107F2001C97B1 /* YRTextViewDemoTests */ = {
			isa = PBXNativeTarget;
			buildConfigurationList = 4EB543261EE107F2001C97B1 /* Build configuration list for PBXNativeTarget "YRTextViewDemoTests" */;
			buildPhases = (
				4EB5430B1EE107F2001C97B1 /* Sources */,
				4EB5430C1EE107F2001C97B1 /* Frameworks */,
				4EB5430D1EE107F2001C97B1 /* Resources */,
			);
			buildRules = (
			);
			dependencies = (
				4EB543111EE107F2001C97B1 /* PBXTargetDependency */,
			);
			name = YRTextViewDemoTests;
			productName = YRTextViewDemoTests;
			productReference = 4EB5430F1EE107F2001C97B1 /* YRTextViewDemoTests.xctest */;
			productType = "com.apple.product-type.bundle.unit-test";
		};
		4EB543191EE107F2001C97B1 /* YRTextViewDemoUITests */ = {
			isa = PBXNativeTarget;
			buildConfigurationList = 4EB543291EE107F2001C97B1 /* Build configuration list for PBXNativeTarget "YRTextViewDemoUITests" */;
			buildPhases = (
				4EB543161EE107F2001C97B1 /* Sources */,
				4EB543171EE107F2001C97B1 /* Frameworks */,
				4EB543181EE107F2001C97B1 /* Resources */,
			);
			buildRules = (
			);
			dependencies = (
				4EB5431C1EE107F2001C97B1 /* PBXTargetDependency */,
			);
			name = YRTextViewDemoUITests;
			productName = YRTextViewDemoUITests;
			productReference = 4EB5431A1EE107F2001C97B1 /* YRTextViewDemoUITests.xctest */;
			productType = "com.apple.product-type.bundle.ui-testing";
		};
/* End PBXNativeTarget section */

/* Begin PBXProject section */
		4EB542EE1EE107F2001C97B1 /* Project object */ = {
			isa = PBXProject;
			attributes = {
				LastUpgradeCheck = 0830;
				ORGANIZATIONNAME = wang;
				TargetAttributes = {
					4EB542F51EE107F2001C97B1 = {
						CreatedOnToolsVersion = 8.3.2;
						ProvisioningStyle = Automatic;
					};
					4EB5430E1EE107F2001C97B1 = {
						CreatedOnToolsVersion = 8.3.2;
						ProvisioningStyle = Automatic;
						TestTargetID = 4EB542F51EE107F2001C97B1;
					};
					4EB543191EE107F2001C97B1 = {
						CreatedOnToolsVersion = 8.3.2;
						ProvisioningStyle = Automatic;
						TestTargetID = 4EB542F51EE107F2001C97B1;
					};
				};
			};
			buildConfigurationList = 4EB542F11EE107F2001C97B1 /* Build configuration list for PBXProject "YRTextViewDemo" */;
			compatibilityVersion = "Xcode 3.2";
			developmentRegion = English;
			hasScannedForEncodings = 0;
			knownRegions = (
				en,
				Base,
			);
			mainGroup = 4EB542ED1EE107F2001C97B1;
			productRefGroup = 4EB542F71EE107F2001C97B1 /* Products */;
			projectDirPath = "";
			projectRoot = "";
			targets = (
				4EB542F51EE107F2001C97B1 /* YRTextViewDemo */,
				4EB5430E1EE107F2001C97B1 /* YRTextViewDemoTests */,
				4EB543191EE107F2001C97B1 /* YRTextViewDemoUITests */,
			);
		};
/* End PBXProject section */

/* Begin PBXResourcesBuildPhase section */
		4EB542F41EE107F2001C97B1 /* Resources */ = {
			isa = PBXResourcesBuildPhase;
			buildActionMask = 2147483647;
			files = (
				4EB543091EE107F2001C97B1 /* LaunchScreen.storyboard in Resources */,
				4EB543061EE107F2001C97B1 /* Assets.xcassets in Resources */,
			);
			runOnlyForDeploymentPostprocessing = 0;
		};
		4EB5430D1EE107F2001C97B1 /* Resources */ = {
			isa = PBXResourcesBuildPhase;
			buildActionMask = 2147483647;
			files = (
			);
			runOnlyForDeploymentPostprocessing = 0;
		};
		4EB543181EE107F2001C97B1 /* Resources */ = {
			isa = PBXResourcesBuildPhase;
			buildActionMask = 2147483647;
			files = (
			);
			runOnlyForDeploymentPostprocessing = 0;
		};
/* End PBXResourcesBuildPhase section */

/* Begin PBXSourcesBuildPhase section */
		4EB542F21EE107F2001C97B1 /* Sources */ = {
			isa = PBXSourcesBuildPhase;
			buildActionMask = 2147483647;
			files = (
				4EB5433C1EE11012001C97B1 /* UIView+Extension.m in Sources */,
				4EB543011EE107F2001C97B1 /* ViewController.m in Sources */,
				4EA4C5801EF2B91A00A2311D /* AppDelegate.m in Sources */,
				4EB5432F1EE10840001C97B1 /* YRTextView.m in Sources */,
				4EB543391EE10F94001C97B1 /* EditViewController.m in Sources */,
				4EB542FB1EE107F2001C97B1 /* main.m in Sources */,
			);
			runOnlyForDeploymentPostprocessing = 0;
		};
		4EB5430B1EE107F2001C97B1 /* Sources */ = {
			isa = PBXSourcesBuildPhase;
			buildActionMask = 2147483647;
			files = (
				4EB543141EE107F2001C97B1 /* YRTextViewDemoTests.m in Sources */,
			);
			runOnlyForDeploymentPostprocessing = 0;
		};
		4EB543161EE107F2001C97B1 /* Sources */ = {
			isa = PBXSourcesBuildPhase;
			buildActionMask = 2147483647;
			files = (
				4EB5431F1EE107F2001C97B1 /* YRTextViewDemoUITests.m in Sources */,
			);
			runOnlyForDeploymentPostprocessing = 0;
		};
/* End PBXSourcesBuildPhase section */

/* Begin PBXTargetDependency section */
		4EB543111EE107F2001C97B1 /* PBXTargetDependency */ = {
			isa = PBXTargetDependency;
			target = 4EB542F51EE107F2001C97B1 /* YRTextViewDemo */;
			targetProxy = 4EB543101EE107F2001C97B1 /* PBXContainerItemProxy */;
		};
		4EB5431C1EE107F2001C97B1 /* PBXTargetDependency */ = {
			isa = PBXTargetDependency;
			target = 4EB542F51EE107F2001C97B1 /* YRTextViewDemo */;
			targetProxy = 4EB5431B1EE107F2001C97B1 /* PBXContainerItemProxy */;
		};
/* End PBXTargetDependency section */

/* Begin PBXVariantGroup section */
		4EB543071EE107F2001C97B1 /* LaunchScreen.storyboard */ = {
			isa = PBXVariantGroup;
			children = (
				4EB543081EE107F2001C97B1 /* Base */,
			);
			name = LaunchScreen.storyboard;
			sourceTree = "<group>";
		};
/* End PBXVariantGroup section */

/* Begin XCBuildConfiguration section */
		4EB543211EE107F2001C97B1 /* Debug */ = {
			isa = XCBuildConfiguration;
			buildSettings = {
				ALWAYS_SEARCH_USER_PATHS = NO;
				CLANG_ANALYZER_NONNULL = YES;
				CLANG_ANALYZER_NUMBER_OBJECT_CONVERSION = YES_AGGRESSIVE;
				CLANG_CXX_LANGUAGE_STANDARD = "gnu++0x";
				CLANG_CXX_LIBRARY = "libc++";
				CLANG_ENABLE_MODULES = YES;
				CLANG_ENABLE_OBJC_ARC = YES;
				CLANG_WARN_BOOL_CONVERSION = YES;
				CLANG_WARN_CONSTANT_CONVERSION = YES;
				CLANG_WARN_DIRECT_OBJC_ISA_USAGE = YES_ERROR;
				CLANG_WARN_DOCUMENTATION_COMMENTS = YES;
				CLANG_WARN_EMPTY_BODY = YES;
				CLANG_WARN_ENUM_CONVERSION = YES;
				CLANG_WARN_INFINITE_RECURSION = YES;
				CLANG_WARN_INT_CONVERSION = YES;
				CLANG_WARN_OBJC_ROOT_CLASS = YES_ERROR;
				CLANG_WARN_SUSPICIOUS_MOVE = YES;
				CLANG_WARN_UNREACHABLE_CODE = YES;
				CLANG_WARN__DUPLICATE_METHOD_MATCH = YES;
				"CODE_SIGN_IDENTITY[sdk=iphoneos*]" = "iPhone Developer";
				COPY_PHASE_STRIP = NO;
				DEBUG_INFORMATION_FORMAT = dwarf;
				ENABLE_STRICT_OBJC_MSGSEND = YES;
				ENABLE_TESTABILITY = YES;
				GCC_C_LANGUAGE_STANDARD = gnu99;
				GCC_DYNAMIC_NO_PIC = NO;
				GCC_NO_COMMON_BLOCKS = YES;
				GCC_OPTIMIZATION_LEVEL = 0;
				GCC_PREPROCESSOR_DEFINITIONS = (
					"DEBUG=1",
					"$(inherited)",
				);
				GCC_WARN_64_TO_32_BIT_CONVERSION = YES;
				GCC_WARN_ABOUT_RETURN_TYPE = YES_ERROR;
				GCC_WARN_UNDECLARED_SELECTOR = YES;
				GCC_WARN_UNINITIALIZED_AUTOS = YES_AGGRESSIVE;
				GCC_WARN_UNUSED_FUNCTION = YES;
				GCC_WARN_UNUSED_VARIABLE = YES;
				IPHONEOS_DEPLOYMENT_TARGET = 10.3;
				MTL_ENABLE_DEBUG_INFO = YES;
				ONLY_ACTIVE_ARCH = YES;
				SDKROOT = iphoneos;
				TARGETED_DEVICE_FAMILY = "1,2";
			};
			name = Debug;
		};
		4EB543221EE107F2001C97B1 /* Release */ = {
			isa = XCBuildConfiguration;
			buildSettings = {
				ALWAYS_SEARCH_USER_PATHS = NO;
				CLANG_ANALYZER_NONNULL = YES;
				CLANG_ANALYZER_NUMBER_OBJECT_CONVERSION = YES_AGGRESSIVE;
				CLANG_CXX_LANGUAGE_STANDARD = "gnu++0x";
				CLANG_CXX_LIBRARY = "libc++";
				CLANG_ENABLE_MODULES = YES;
				CLANG_ENABLE_OBJC_ARC = YES;
				CLANG_WARN_BOOL_CONVERSION = YES;
				CLANG_WARN_CONSTANT_CONVERSION = YES;
				CLANG_WARN_DIRECT_OBJC_ISA_USAGE = YES_ERROR;
				CLANG_WARN_DOCUMENTATION_COMMENTS = YES;
				CLANG_WARN_EMPTY_BODY = YES;
				CLANG_WARN_ENUM_CONVERSION = YES;
				CLANG_WARN_INFINITE_RECURSION = YES;
				CLANG_WARN_INT_CONVERSION = YES;
				CLANG_WARN_OBJC_ROOT_CLASS = YES_ERROR;
				CLANG_WARN_SUSPICIOUS_MOVE = YES;
				CLANG_WARN_UNREACHABLE_CODE = YES;
				CLANG_WARN__DUPLICATE_METHOD_MATCH = YES;
				"CODE_SIGN_IDENTITY[sdk=iphoneos*]" = "iPhone Developer";
				COPY_PHASE_STRIP = NO;
				DEBUG_INFORMATION_FORMAT = "dwarf-with-dsym";
				ENABLE_NS_ASSERTIONS = NO;
				ENABLE_STRICT_OBJC_MSGSEND = YES;
				GCC_C_LANGUAGE_STANDARD = gnu99;
				GCC_NO_COMMON_BLOCKS = YES;
				GCC_WARN_64_TO_32_BIT_CONVERSION = YES;
				GCC_WARN_ABOUT_RETURN_TYPE = YES_ERROR;
				GCC_WARN_UNDECLARED_SELECTOR = YES;
				GCC_WARN_UNINITIALIZED_AUTOS = YES_AGGRESSIVE;
				GCC_WARN_UNUSED_FUNCTION = YES;
				GCC_WARN_UNUSED_VARIABLE = YES;
				IPHONEOS_DEPLOYMENT_TARGET = 10.3;
				MTL_ENABLE_DEBUG_INFO = NO;
				SDKROOT = iphoneos;
				TARGETED_DEVICE_FAMILY = "1,2";
				VALIDATE_PRODUCT = YES;
			};
			name = Release;
		};
		4EB543241EE107F2001C97B1 /* Debug */ = {
			isa = XCBuildConfiguration;
			buildSettings = {
				ASSETCATALOG_COMPILER_APPICON_NAME = AppIcon;
				INFOPLIST_FILE = YRTextViewDemo/Info.plist;
				LD_RUNPATH_SEARCH_PATHS = "$(inherited) @executable_path/Frameworks";
				PRODUCT_BUNDLE_IDENTIFIER = com.yori.YRTextViewDemo;
				PRODUCT_NAME = "$(TARGET_NAME)";
			};
			name = Debug;
		};
		4EB543251EE107F2001C97B1 /* Release */ = {
			isa = XCBuildConfiguration;
			buildSettings = {
				ASSETCATALOG_COMPILER_APPICON_NAME = AppIcon;
				INFOPLIST_FILE = YRTextViewDemo/Info.plist;
				LD_RUNPATH_SEARCH_PATHS = "$(inherited) @executable_path/Frameworks";
				PRODUCT_BUNDLE_IDENTIFIER = com.yori.YRTextViewDemo;
				PRODUCT_NAME = "$(TARGET_NAME)";
			};
			name = Release;
		};
		4EB543271EE107F2001C97B1 /* Debug */ = {
			isa = XCBuildConfiguration;
			buildSettings = {
				BUNDLE_LOADER = "$(TEST_HOST)";
				INFOPLIST_FILE = YRTextViewDemoTests/Info.plist;
				LD_RUNPATH_SEARCH_PATHS = "$(inherited) @executable_path/Frameworks @loader_path/Frameworks";
				PRODUCT_BUNDLE_IDENTIFIER = com.yori.YRTextViewDemoTests;
				PRODUCT_NAME = "$(TARGET_NAME)";
				TEST_HOST = "$(BUILT_PRODUCTS_DIR)/YRTextViewDemo.app/YRTextViewDemo";
			};
			name = Debug;
		};
		4EB543281EE107F2001C97B1 /* Release */ = {
			isa = XCBuildConfiguration;
			buildSettings = {
				BUNDLE_LOADER = "$(TEST_HOST)";
				INFOPLIST_FILE = YRTextViewDemoTests/Info.plist;
				LD_RUNPATH_SEARCH_PATHS = "$(inherited) @executable_path/Frameworks @loader_path/Frameworks";
				PRODUCT_BUNDLE_IDENTIFIER = com.yori.YRTextViewDemoTests;
				PRODUCT_NAME = "$(TARGET_NAME)";
				TEST_HOST = "$(BUILT_PRODUCTS_DIR)/YRTextViewDemo.app/YRTextViewDemo";
			};
			name = Release;
		};
		4EB5432A1EE107F2001C97B1 /* Debug */ = {
			isa = XCBuildConfiguration;
			buildSettings = {
				INFOPLIST_FILE = YRTextViewDemoUITests/Info.plist;
				LD_RUNPATH_SEARCH_PATHS = "$(inherited) @executable_path/Frameworks @loader_path/Frameworks";
				PRODUCT_BUNDLE_IDENTIFIER = com.yori.YRTextViewDemoUITests;
				PRODUCT_NAME = "$(TARGET_NAME)";
				TEST_TARGET_NAME = YRTextViewDemo;
			};
			name = Debug;
		};
		4EB5432B1EE107F2001C97B1 /* Release */ = {
			isa = XCBuildConfiguration;
			buildSettings = {
				INFOPLIST_FILE = YRTextViewDemoUITests/Info.plist;
				LD_RUNPATH_SEARCH_PATHS = "$(inherited) @executable_path/Frameworks @loader_path/Frameworks";
				PRODUCT_BUNDLE_IDENTIFIER = com.yori.YRTextViewDemoUITests;
				PRODUCT_NAME = "$(TARGET_NAME)";
				TEST_TARGET_NAME = YRTextViewDemo;
			};
			name = Release;
		};
/* End XCBuildConfiguration section */

/* Begin XCConfigurationList section */
		4EB542F11EE107F2001C97B1 /* Build configuration list for PBXProject "YRTextViewDemo" */ = {
			isa = XCConfigurationList;
			buildConfigurations = (
				4EB543211EE107F2001C97B1 /* Debug */,
				4EB543221EE107F2001C97B1 /* Release */,
			);
			defaultConfigurationIsVisible = 0;
			defaultConfigurationName = Release;
		};
		4EB543231EE107F2001C97B1 /* Build configuration list for PBXNativeTarget "YRTextViewDemo" */ = {
			isa = XCConfigurationList;
			buildConfigurations = (
				4EB543241EE107F2001C97B1 /* Debug */,
				4EB543251EE107F2001C97B1 /* Release */,
			);
			defaultConfigurationIsVisible = 0;
			defaultConfigurationName = Release;
		};
		4EB543261EE107F2001C97B1 /* Build configuration list for PBXNativeTarget "YRTextViewDemoTests" */ = {
			isa = XCConfigurationList;
			buildConfigurations = (
				4EB543271EE107F2001C97B1 /* Debug */,
				4EB543281EE107F2001C97B1 /* Release */,
			);
			defaultConfigurationIsVisible = 0;
			defaultConfigurationName = Release;
		};
		4EB543291EE107F2001C97B1 /* Build configuration list for PBXNativeTarget "YRTextViewDemoUITests" */ = {
			isa = XCConfigurationList;
			buildConfigurations = (
				4EB5432A1EE107F2001C97B1 /* Debug */,
				4EB5432B1EE107F2001C97B1 /* Release */,
			);
			defaultConfigurationIsVisible = 0;
			defaultConfigurationName = Release;
		};
/* End XCConfigurationList section */
	};
	rootObject = 4EB542EE1EE107F2001C97B1 /* Project object */;
}
